
Microsoft Visual Studio Solution File, Format Version 12.00
# Visual Studio 15
VisualStudioVersion = 15.0.28010.2003
MinimumVisualStudioVersion = 10.0.40219.1
Project("{FAE04EC0-301F-11D3-BF4B-00C04F79EFBC}") = "Demo1.Web", "Demo1.Web\Demo1.Web.csproj", "{BDBF15B0-551F-4877-9845-BE5A0C690285}"
EndProject
Project("{FAE04EC0-301F-11D3-BF4B-00C04F79EFBC}") = "Demo1.BL", "Demo1.BL\Demo1.BL.csproj", "{B2569CB2-3824-48D8-BA55-E68FE0CC160D}"
EndProject
Project("{FAE04EC0-301F-11D3-BF4B-00C04F79EFBC}") = "Demo1.DAL", "Demo1.DAL\Demo1.DAL.csproj", "{D7ED4206-FD12-4A29-BEBB-FB99484F0B09}"
EndProject
Project("{FAE04EC0-301F-11D3-BF4B-00C04F79EFBC}") = "Demo1.DAL.AzureAD", "Demo1.DAL.AzureAD\Demo1.DAL.AzureAD.csproj", "{1A7241C9-7FED-4355-A5DC-8996C4866576}"
EndProject
Project("{FAE04EC0-301F-11D3-BF4B-00C04F79EFBC}") = "Demo1.BusinessEntity", "Demo1.BusinessEntity\Demo1.BusinessEntity.csproj", "{D956C2F5-DC22-4B14-B352-2D3925E5031E}"
EndProject
Global
	GlobalSection(SolutionConfigurationPlatforms) = preSolution
		Debug|Any CPU = Debug|Any CPU
		Release|Any CPU = Release|Any CPU
	EndGlobalSection
	GlobalSection(ProjectConfigurationPlatforms) = postSolution
		{BDBF15B0-551F-4877-9845-BE5A0C690285}.Debug|Any CPU.ActiveCfg = Debug|Any CPU
		{BDBF15B0-551F-4877-9845-BE5A0C690285}.Debug|Any CPU.Build.0 = Debug|Any CPU
		{BDBF15B0-551F-4877-9845-BE5A0C690285}.Release|Any CPU.ActiveCfg = Release|Any CPU
		{BDBF15B0-551F-4877-9845-BE5A0C690285}.Release|Any CPU.Build.0 = Release|Any CPU
		{B2569CB2-3824-48D8-BA55-E68FE0CC160D}.Debug|Any CPU.ActiveCfg = Debug|Any CPU
		{B2569CB2-3824-48D8-BA55-E68FE0CC160D}.Debug|Any CPU.Build.0 = Debug|Any CPU
		{B2569CB2-3824-48D8-BA55-E68FE0CC160D}.Release|Any CPU.ActiveCfg = Release|Any CPU
		{B2569CB2-3824-48D8-BA55-E68FE0CC160D}.Release|Any CPU.Build.0 = Release|Any CPU
		{D7ED4206-FD12-4A29-BEBB-FB99484F0B09}.Debug|Any CPU.ActiveCfg = Debug|Any CPU
		{D7ED4206-FD12-4A29-BEBB-FB99484F0B09}.Debug|Any CPU.Build.0 = Debug|Any CPU
		{D7ED4206-FD12-4A29-BEBB-FB99484F0B09}.Release|Any CPU.ActiveCfg = Release|Any CPU
		{D7ED4206-FD12-4A29-BEBB-FB99484F0B09}.Release|Any CPU.Build.0 = Release|Any CPU
		{1A7241C9-7FED-4355-A5DC-8996C4866576}.Debug|Any CPU.ActiveCfg = Debug|Any CPU
		{1A7241C9-7FED-4355-A5DC-8996C4866576}.Debug|Any CPU.Build.0 = Debug|Any CPU
		{1A7241C9-7FED-4355-A5DC-8996C4866576}.Release|Any CPU.ActiveCfg = Release|Any CPU
		{1A7241C9-7FED-4355-A5DC-8996C4866576}.Release|Any CPU.Build.0 = Release|Any CPU
		{D956C2F5-DC22-4B14-B352-2D3925E5031E}.Debug|Any CPU.ActiveCfg = Debug|Any CPU
		{D956C2F5-DC22-4B14-B352-2D3925E5031E}.Debug|Any CPU.Build.0 = Debug|Any CPU
		{D956C2F5-DC22-4B14-B352-2D3925E5031E}.Release|Any CPU.ActiveCfg = Release|Any CPU
		{D956C2F5-DC22-4B14-B352-2D3925E5031E}.Release|Any CPU.Build.0 = Release|Any CPU
	EndGlobalSection
	GlobalSection(SolutionProperties) = preSolution
		HideSolutionNode = FALSE
	EndGlobalSection
	GlobalSection(ExtensibilityGlobals) = postSolution
		SolutionGuid = {E5FC1563-DB94-4F89-9E84-CFBAD91C8F50}
	EndGlobalSection
EndGlobal
